
Microsoft Visual Studio Solution File, Format Version 12.00
# Visual Studio Version 17
VisualStudioVersion = 17.8.34525.116
MinimumVisualStudioVersion = 10.0.40219.1
Project("{FAE04EC0-301F-11D3-BF4B-00C04F79EFBC}") = "Employee_PayRoll_WebForms", "Employee_PayRoll_WebForms\Employee_PayRoll_WebForms.csproj", "{43D02A67-8008-4886-BE38-7A2D6D633D50}"
EndProject
Global
	GlobalSection(SolutionConfigurationPlatforms) = preSolution
		Debug|Any CPU = Debug|Any CPU
		Release|Any CPU = Release|Any CPU
	EndGlobalSection
	GlobalSection(ProjectConfigurationPlatforms) = postSolution
		{43D02A67-8008-4886-BE38-7A2D6D633D50}.Debug|Any CPU.ActiveCfg = Debug|Any CPU
		{43D02A67-8008-4886-BE38-7A2D6D633D50}.Debug|Any CPU.Build.0 = Debug|Any CPU
		{43D02A67-8008-4886-BE38-7A2D6D633D50}.Release|Any CPU.ActiveCfg = Release|Any CPU
		{43D02A67-8008-4886-BE38-7A2D6D633D50}.Release|Any CPU.Build.0 = Release|Any CPU
	EndGlobalSection
	GlobalSection(SolutionProperties) = preSolution
		HideSolutionNode = FALSE
	EndGlobalSection
	GlobalSection(ExtensibilityGlobals) = postSolution
		SolutionGuid = {72E4BBAC-1240-43D3-9014-C1FCE1F1F54A}
	EndGlobalSection
EndGlobal
